
Microsoft Visual Studio Solution File, Format Version 11.00
# Visual Studio 2010
Project("{FAE04EC0-301F-11D3-BF4B-00C04F79EFBC}") = "CSharpProjectPrototype3", "CSharpProjectPrototype3\CSharpProjectPrototype3.csproj", "{B8751455-3236-469F-B0BF-6FD9818A278A}"
EndProject
Global
	GlobalSection(SolutionConfigurationPlatforms) = preSolution
		Debug|x86 = Debug|x86
		Release|x86 = Release|x86
	EndGlobalSection
	GlobalSection(ProjectConfigurationPlatforms) = postSolution
		{B8751455-3236-469F-B0BF-6FD9818A278A}.Debug|x86.ActiveCfg = Debug|x86
		{B8751455-3236-469F-B0BF-6FD9818A278A}.Debug|x86.Build.0 = Debug|x86
		{B8751455-3236-469F-B0BF-6FD9818A278A}.Release|x86.ActiveCfg = Release|x86
		{B8751455-3236-469F-B0BF-6FD9818A278A}.Release|x86.Build.0 = Release|x86
	EndGlobalSection
	GlobalSection(SolutionProperties) = preSolution
		HideSolutionNode = FALSE
	EndGlobalSection
EndGlobal
